// !$*UTF8*$!
{
	archiveVersion = 1;
	classes = {
	};
	objectVersion = 46;
	objects = {

/* Begin PBXBuildFile section */
		EE17790219D0A9E200B5826B /* Launch.storyboard in Resources */ = {isa = PBXBuildFile; fileRef = EE17790119D0A9E200B5826B /* Launch.storyboard */; };
		EE43B1DE19547E410017679A /* AppDelegate.swift in Sources */ = {isa = PBXBuildFile; fileRef = EE43B1DD19547E410017679A /* AppDelegate.swift */; };
		EE43B1E019547E410017679A /* MasterViewController.swift in Sources */ = {isa = PBXBuildFile; fileRef = EE43B1DF19547E410017679A /* MasterViewController.swift */; };
		EE43B1E219547E410017679A /* DetailViewController.swift in Sources */ = {isa = PBXBuildFile; fileRef = EE43B1E119547E410017679A /* DetailViewController.swift */; };
		EE43B1E519547E410017679A /* Main.storyboard in Resources */ = {isa = PBXBuildFile; fileRef = EE43B1E319547E410017679A /* Main.storyboard */; };
		EE43B1E719547E410017679A /* Images.xcassets in Resources */ = {isa = PBXBuildFile; fileRef = EE43B1E619547E410017679A /* Images.xcassets */; };
		EE6E9D391A664B3200CD7BFF /* SMART.framework in Frameworks */ = {isa = PBXBuildFile; fileRef = EE43B20319547EB30017679A /* SMART.framework */; };
		EE6E9D3A1A664B3200CD7BFF /* SMART.framework in Embed Frameworks */ = {isa = PBXBuildFile; fileRef = EE43B20319547EB30017679A /* SMART.framework */; settings = {ATTRIBUTES = (CodeSignOnCopy, RemoveHeadersOnCopy, ); }; };
		EEBE48E81A66578F0046153F /* OAuth2.framework in Frameworks */ = {isa = PBXBuildFile; fileRef = EE36202E1A664EA900A0889F /* OAuth2.framework */; };
		EEBE48E91A66578F0046153F /* OAuth2.framework in Embed Frameworks */ = {isa = PBXBuildFile; fileRef = EE36202E1A664EA900A0889F /* OAuth2.framework */; settings = {ATTRIBUTES = (CodeSignOnCopy, RemoveHeadersOnCopy, ); }; };
		EEBE48EB1A6658620046153F /* SwiftFHIR.framework in Frameworks */ = {isa = PBXBuildFile; fileRef = EEBE48EA1A6658620046153F /* SwiftFHIR.framework */; };
		EEBE48EC1A6658620046153F /* SwiftFHIR.framework in Embed Frameworks */ = {isa = PBXBuildFile; fileRef = EEBE48EA1A6658620046153F /* SwiftFHIR.framework */; settings = {ATTRIBUTES = (CodeSignOnCopy, RemoveHeadersOnCopy, ); }; };
/* End PBXBuildFile section */

/* Begin PBXContainerItemProxy section */
		EE43B20219547EB30017679A /* PBXContainerItemProxy */ = {
			isa = PBXContainerItemProxy;
			containerPortal = EE43B1FC19547EB20017679A /* SMART-on-FHIR.xcodeproj */;
			proxyType = 2;
			remoteGlobalIDString = EE43B1A919546D880017679A;
			remoteInfo = "SMART-on-FHIR-iOS";
		};
		EE43B20419547EB30017679A /* PBXContainerItemProxy */ = {
			isa = PBXContainerItemProxy;
			containerPortal = EE43B1FC19547EB20017679A /* SMART-on-FHIR.xcodeproj */;
			proxyType = 2;
			remoteGlobalIDString = EE43B1B319546D880017679A;
			remoteInfo = "SMART-on-FHIR-iOSTests";
		};
		EE6E9D361A664B1D00CD7BFF /* PBXContainerItemProxy */ = {
			isa = PBXContainerItemProxy;
			containerPortal = EE43B1FC19547EB20017679A /* SMART-on-FHIR.xcodeproj */;
			proxyType = 1;
			remoteGlobalIDString = EE43B1A819546D880017679A;
			remoteInfo = "SMART-on-FHIR-iOS";
		};
		EE6E9D3B1A664B3200CD7BFF /* PBXContainerItemProxy */ = {
			isa = PBXContainerItemProxy;
			containerPortal = EE43B1FC19547EB20017679A /* SMART-on-FHIR.xcodeproj */;
			proxyType = 1;
			remoteGlobalIDString = EE43B1A819546D880017679A;
			remoteInfo = "SMART-on-FHIR-iOS";
		};
		EEF20E281A5D526F009A6EDA /* PBXContainerItemProxy */ = {
			isa = PBXContainerItemProxy;
			containerPortal = EE43B1FC19547EB20017679A /* SMART-on-FHIR.xcodeproj */;
			proxyType = 2;
			remoteGlobalIDString = EECAA7831A5D3DE60062C64B;
			remoteInfo = "SMART-on-FHIR-OSX";
		};
		EEF20E2A1A5D526F009A6EDA /* PBXContainerItemProxy */ = {
			isa = PBXContainerItemProxy;
			containerPortal = EE43B1FC19547EB20017679A /* SMART-on-FHIR.xcodeproj */;
			proxyType = 2;
			remoteGlobalIDString = EE13AA921A5D44D100B901FD;
			remoteInfo = "SMART-on-FHIR-OSXTests";
		};
/* End PBXContainerItemProxy section */

/* Begin PBXCopyFilesBuildPhase section */
		EE6E9D3D1A664B3200CD7BFF /* Embed Frameworks */ = {
			isa = PBXCopyFilesBuildPhase;
			buildActionMask = 2147483647;
			dstPath = "";
			dstSubfolderSpec = 10;
			files = (
				EE6E9D3A1A664B3200CD7BFF /* SMART.framework in Embed Frameworks */,
				EEBE48E91A66578F0046153F /* OAuth2.framework in Embed Frameworks */,
				EEBE48EC1A6658620046153F /* SwiftFHIR.framework in Embed Frameworks */,
			);
			name = "Embed Frameworks";
			runOnlyForDeploymentPostprocessing = 0;
		};
/* End PBXCopyFilesBuildPhase section */

/* Begin PBXFileReference section */
		EE17790119D0A9E200B5826B /* Launch.storyboard */ = {isa = PBXFileReference; fileEncoding = 4; lastKnownFileType = file.storyboard; path = Launch.storyboard; sourceTree = "<group>"; };
		EE36202E1A664EA900A0889F /* OAuth2.framework */ = {isa = PBXFileReference; explicitFileType = wrapper.framework; name = OAuth2.framework; path = "/Users/pp/Library/Developer/Xcode/DerivedData/SoF-MedList-chqycdbooiiyujfqdaezipxxcxql/Build/Products/Debug-iphoneos/OAuth2.framework"; sourceTree = "<absolute>"; };
		EE43B1D819547E410017679A /* SoF-MedList.app */ = {isa = PBXFileReference; explicitFileType = wrapper.application; includeInIndex = 0; path = "SoF-MedList.app"; sourceTree = BUILT_PRODUCTS_DIR; };
		EE43B1DC19547E410017679A /* Info.plist */ = {isa = PBXFileReference; lastKnownFileType = text.plist.xml; path = Info.plist; sourceTree = "<group>"; };
		EE43B1DD19547E410017679A /* AppDelegate.swift */ = {isa = PBXFileReference; lastKnownFileType = sourcecode.swift; path = AppDelegate.swift; sourceTree = "<group>"; };
		EE43B1DF19547E410017679A /* MasterViewController.swift */ = {isa = PBXFileReference; lastKnownFileType = sourcecode.swift; path = MasterViewController.swift; sourceTree = "<group>"; };
		EE43B1E119547E410017679A /* DetailViewController.swift */ = {isa = PBXFileReference; lastKnownFileType = sourcecode.swift; path = DetailViewController.swift; sourceTree = "<group>"; };
		EE43B1E419547E410017679A /* Base */ = {isa = PBXFileReference; lastKnownFileType = file.storyboard; name = Base; path = Base.lproj/Main.storyboard; sourceTree = "<group>"; };
		EE43B1E619547E410017679A /* Images.xcassets */ = {isa = PBXFileReference; lastKnownFileType = folder.assetcatalog; path = Images.xcassets; sourceTree = "<group>"; };
		EE43B1FC19547EB20017679A /* SMART-on-FHIR.xcodeproj */ = {isa = PBXFileReference; lastKnownFileType = "wrapper.pb-project"; name = "SMART-on-FHIR.xcodeproj"; path = "SMART-on-FHIR-Cocoa/SMART-on-FHIR.xcodeproj"; sourceTree = "<group>"; };
		EE74D049195C110600393DCA /* README.md */ = {isa = PBXFileReference; lastKnownFileType = net.daringfireball.markdown; path = README.md; sourceTree = "<group>"; };
		EEBE48EA1A6658620046153F /* SwiftFHIR.framework */ = {isa = PBXFileReference; explicitFileType = wrapper.framework; name = SwiftFHIR.framework; path = "/Users/pp/Library/Developer/Xcode/DerivedData/SoF-MedList-chqycdbooiiyujfqdaezipxxcxql/Build/Products/Debug-iphoneos/SwiftFHIR.framework"; sourceTree = "<absolute>"; };
/* End PBXFileReference section */

/* Begin PBXFrameworksBuildPhase section */
		EE43B1D519547E410017679A /* Frameworks */ = {
			isa = PBXFrameworksBuildPhase;
			buildActionMask = 2147483647;
			files = (
				EE6E9D391A664B3200CD7BFF /* SMART.framework in Frameworks */,
				EEBE48E81A66578F0046153F /* OAuth2.framework in Frameworks */,
				EEBE48EB1A6658620046153F /* SwiftFHIR.framework in Frameworks */,
			);
			runOnlyForDeploymentPostprocessing = 0;
		};
/* End PBXFrameworksBuildPhase section */

/* Begin PBXGroup section */
		EE43B1CF19547E410017679A = {
			isa = PBXGroup;
			children = (
				EE74D049195C110600393DCA /* README.md */,
				EE43B1DA19547E410017679A /* SoF-MedList */,
				EEA2C9691A716213008726B0 /* Frameworks */,
				EE43B1D919547E410017679A /* Products */,
				EE43B1FC19547EB20017679A /* SMART-on-FHIR.xcodeproj */,
			);
			sourceTree = "<group>";
		};
		EE43B1D919547E410017679A /* Products */ = {
			isa = PBXGroup;
			children = (
				EE43B1D819547E410017679A /* SoF-MedList.app */,
			);
			name = Products;
			sourceTree = "<group>";
		};
		EE43B1DA19547E410017679A /* SoF-MedList */ = {
			isa = PBXGroup;
			children = (
				EE43B1DD19547E410017679A /* AppDelegate.swift */,
				EE43B1DF19547E410017679A /* MasterViewController.swift */,
				EE43B1E119547E410017679A /* DetailViewController.swift */,
				EE43B1E319547E410017679A /* Main.storyboard */,
				EE17790119D0A9E200B5826B /* Launch.storyboard */,
				EE43B1E619547E410017679A /* Images.xcassets */,
				EE43B1DB19547E410017679A /* Supporting Files */,
			);
			path = "SoF-MedList";
			sourceTree = "<group>";
		};
		EE43B1DB19547E410017679A /* Supporting Files */ = {
			isa = PBXGroup;
			children = (
				EE43B1DC19547E410017679A /* Info.plist */,
			);
			name = "Supporting Files";
			sourceTree = "<group>";
		};
		EE43B1FD19547EB20017679A /* Products */ = {
			isa = PBXGroup;
			children = (
				EE43B20319547EB30017679A /* SMART.framework */,
				EE43B20519547EB30017679A /* SMART-on-FHIR-iOSTests.xctest */,
				EEF20E291A5D526F009A6EDA /* SMART.framework */,
				EEF20E2B1A5D526F009A6EDA /* SMART-on-FHIR-OSXTests.xctest */,
			);
			name = Products;
			sourceTree = "<group>";
		};
		EEA2C9691A716213008726B0 /* Frameworks */ = {
			isa = PBXGroup;
			children = (
				EEBE48EA1A6658620046153F /* SwiftFHIR.framework */,
				EE36202E1A664EA900A0889F /* OAuth2.framework */,
			);
			name = Frameworks;
			sourceTree = "<group>";
		};
/* End PBXGroup section */

/* Begin PBXNativeTarget section */
		EE43B1D719547E410017679A /* SoF-MedList */ = {
			isa = PBXNativeTarget;
			buildConfigurationList = EE43B1F619547E410017679A /* Build configuration list for PBXNativeTarget "SoF-MedList" */;
			buildPhases = (
				EE43B1D419547E410017679A /* Sources */,
				EE43B1D519547E410017679A /* Frameworks */,
				EE43B1D619547E410017679A /* Resources */,
				EE6E9D3D1A664B3200CD7BFF /* Embed Frameworks */,
			);
			buildRules = (
			);
			dependencies = (
				EE6E9D371A664B1D00CD7BFF /* PBXTargetDependency */,
				EE6E9D3C1A664B3200CD7BFF /* PBXTargetDependency */,
			);
			name = "SoF-MedList";
			productName = "SoF-MedList";
			productReference = EE43B1D819547E410017679A /* SoF-MedList.app */;
			productType = "com.apple.product-type.application";
		};
/* End PBXNativeTarget section */

/* Begin PBXProject section */
		EE43B1D019547E410017679A /* Project object */ = {
			isa = PBXProject;
			attributes = {
				LastUpgradeCheck = 0600;
				ORGANIZATIONNAME = "SMART Platforms";
				TargetAttributes = {
					EE43B1D719547E410017679A = {
						CreatedOnToolsVersion = 6.0;
					};
				};
			};
			buildConfigurationList = EE43B1D319547E410017679A /* Build configuration list for PBXProject "SoF-MedList" */;
			compatibilityVersion = "Xcode 3.2";
			developmentRegion = English;
			hasScannedForEncodings = 0;
			knownRegions = (
				en,
				Base,
			);
			mainGroup = EE43B1CF19547E410017679A;
			productRefGroup = EE43B1D919547E410017679A /* Products */;
			projectDirPath = "";
			projectReferences = (
				{
					ProductGroup = EE43B1FD19547EB20017679A /* Products */;
					ProjectRef = EE43B1FC19547EB20017679A /* SMART-on-FHIR.xcodeproj */;
				},
			);
			projectRoot = "";
			targets = (
				EE43B1D719547E410017679A /* SoF-MedList */,
			);
		};
/* End PBXProject section */

/* Begin PBXReferenceProxy section */
		EE43B20319547EB30017679A /* SMART.framework */ = {
			isa = PBXReferenceProxy;
			fileType = wrapper.framework;
			path = SMART.framework;
			remoteRef = EE43B20219547EB30017679A /* PBXContainerItemProxy */;
			sourceTree = BUILT_PRODUCTS_DIR;
		};
		EE43B20519547EB30017679A /* SMART-on-FHIR-iOSTests.xctest */ = {
			isa = PBXReferenceProxy;
			fileType = wrapper.cfbundle;
			path = "SMART-on-FHIR-iOSTests.xctest";
			remoteRef = EE43B20419547EB30017679A /* PBXContainerItemProxy */;
			sourceTree = BUILT_PRODUCTS_DIR;
		};
		EEF20E291A5D526F009A6EDA /* SMART.framework */ = {
			isa = PBXReferenceProxy;
			fileType = wrapper.framework;
			path = SMART.framework;
			remoteRef = EEF20E281A5D526F009A6EDA /* PBXContainerItemProxy */;
			sourceTree = BUILT_PRODUCTS_DIR;
		};
		EEF20E2B1A5D526F009A6EDA /* SMART-on-FHIR-OSXTests.xctest */ = {
			isa = PBXReferenceProxy;
			fileType = wrapper.cfbundle;
			path = "SMART-on-FHIR-OSXTests.xctest";
			remoteRef = EEF20E2A1A5D526F009A6EDA /* PBXContainerItemProxy */;
			sourceTree = BUILT_PRODUCTS_DIR;
		};
/* End PBXReferenceProxy section */

/* Begin PBXResourcesBuildPhase section */
		EE43B1D619547E410017679A /* Resources */ = {
			isa = PBXResourcesBuildPhase;
			buildActionMask = 2147483647;
			files = (
				EE43B1E519547E410017679A /* Main.storyboard in Resources */,
				EE43B1E719547E410017679A /* Images.xcassets in Resources */,
				EE17790219D0A9E200B5826B /* Launch.storyboard in Resources */,
			);
			runOnlyForDeploymentPostprocessing = 0;
		};
/* End PBXResourcesBuildPhase section */

/* Begin PBXSourcesBuildPhase section */
		EE43B1D419547E410017679A /* Sources */ = {
			isa = PBXSourcesBuildPhase;
			buildActionMask = 2147483647;
			files = (
				EE43B1E219547E410017679A /* DetailViewController.swift in Sources */,
				EE43B1E019547E410017679A /* MasterViewController.swift in Sources */,
				EE43B1DE19547E410017679A /* AppDelegate.swift in Sources */,
			);
			runOnlyForDeploymentPostprocessing = 0;
		};
/* End PBXSourcesBuildPhase section */

/* Begin PBXTargetDependency section */
		EE6E9D371A664B1D00CD7BFF /* PBXTargetDependency */ = {
			isa = PBXTargetDependency;
			name = "SMART-on-FHIR-iOS";
			targetProxy = EE6E9D361A664B1D00CD7BFF /* PBXContainerItemProxy */;
		};
		EE6E9D3C1A664B3200CD7BFF /* PBXTargetDependency */ = {
			isa = PBXTargetDependency;
			name = "SMART-on-FHIR-iOS";
			targetProxy = EE6E9D3B1A664B3200CD7BFF /* PBXContainerItemProxy */;
		};
/* End PBXTargetDependency section */

/* Begin PBXVariantGroup section */
		EE43B1E319547E410017679A /* Main.storyboard */ = {
			isa = PBXVariantGroup;
			children = (
				EE43B1E419547E410017679A /* Base */,
			);
			name = Main.storyboard;
			sourceTree = "<group>";
		};
/* End PBXVariantGroup section */

/* Begin XCBuildConfiguration section */
		EE43B1F419547E410017679A /* Debug */ = {
			isa = XCBuildConfiguration;
			buildSettings = {
				ALWAYS_SEARCH_USER_PATHS = NO;
				CLANG_CXX_LANGUAGE_STANDARD = "gnu++0x";
				CLANG_CXX_LIBRARY = "libc++";
				CLANG_ENABLE_MODULES = YES;
				CLANG_ENABLE_OBJC_ARC = YES;
				CLANG_WARN_BOOL_CONVERSION = YES;
				CLANG_WARN_CONSTANT_CONVERSION = YES;
				CLANG_WARN_DIRECT_OBJC_ISA_USAGE = YES_ERROR;
				CLANG_WARN_EMPTY_BODY = YES;
				CLANG_WARN_ENUM_CONVERSION = YES;
				CLANG_WARN_INT_CONVERSION = YES;
				CLANG_WARN_OBJC_ROOT_CLASS = YES_ERROR;
				CLANG_WARN_UNREACHABLE_CODE = YES;
				CLANG_WARN__DUPLICATE_METHOD_MATCH = YES;
				CODE_SIGN_IDENTITY = "iPhone Developer";
				"CODE_SIGN_IDENTITY[sdk=iphoneos*]" = "iPhone Developer";
				COPY_PHASE_STRIP = NO;
				ENABLE_STRICT_OBJC_MSGSEND = YES;
				GCC_C_LANGUAGE_STANDARD = gnu99;
				GCC_DYNAMIC_NO_PIC = NO;
				GCC_OPTIMIZATION_LEVEL = 0;
				GCC_PREPROCESSOR_DEFINITIONS = (
					"DEBUG=1",
					"$(inherited)",
				);
				GCC_SYMBOLS_PRIVATE_EXTERN = NO;
				GCC_WARN_64_TO_32_BIT_CONVERSION = YES;
				GCC_WARN_ABOUT_RETURN_TYPE = YES_ERROR;
				GCC_WARN_UNDECLARED_SELECTOR = YES;
				GCC_WARN_UNINITIALIZED_AUTOS = YES_AGGRESSIVE;
				GCC_WARN_UNUSED_FUNCTION = YES;
				GCC_WARN_UNUSED_VARIABLE = YES;
				IPHONEOS_DEPLOYMENT_TARGET = 8.0;
				METAL_ENABLE_DEBUG_INFO = YES;
				ONLY_ACTIVE_ARCH = YES;
				SDKROOT = iphoneos;
				SWIFT_OPTIMIZATION_LEVEL = "-Onone";
				TARGETED_DEVICE_FAMILY = "1,2";
			};
			name = Debug;
		};
		EE43B1F519547E410017679A /* Release */ = {
			isa = XCBuildConfiguration;
			buildSettings = {
				ALWAYS_SEARCH_USER_PATHS = NO;
				CLANG_CXX_LANGUAGE_STANDARD = "gnu++0x";
				CLANG_CXX_LIBRARY = "libc++";
				CLANG_ENABLE_MODULES = YES;
				CLANG_ENABLE_OBJC_ARC = YES;
				CLANG_WARN_BOOL_CONVERSION = YES;
				CLANG_WARN_CONSTANT_CONVERSION = YES;
				CLANG_WARN_DIRECT_OBJC_ISA_USAGE = YES_ERROR;
				CLANG_WARN_EMPTY_BODY = YES;
				CLANG_WARN_ENUM_CONVERSION = YES;
				CLANG_WARN_INT_CONVERSION = YES;
				CLANG_WARN_OBJC_ROOT_CLASS = YES_ERROR;
				CLANG_WARN_UNREACHABLE_CODE = YES;
				CLANG_WARN__DUPLICATE_METHOD_MATCH = YES;
				CODE_SIGN_IDENTITY = "iPhone Developer";
				"CODE_SIGN_IDENTITY[sdk=iphoneos*]" = "iPhone Developer";
				COPY_PHASE_STRIP = YES;
				ENABLE_NS_ASSERTIONS = NO;
				ENABLE_STRICT_OBJC_MSGSEND = YES;
				GCC_C_LANGUAGE_STANDARD = gnu99;
				GCC_WARN_64_TO_32_BIT_CONVERSION = YES;
				GCC_WARN_ABOUT_RETURN_TYPE = YES_ERROR;
				GCC_WARN_UNDECLARED_SELECTOR = YES;
				GCC_WARN_UNINITIALIZED_AUTOS = YES_AGGRESSIVE;
				GCC_WARN_UNUSED_FUNCTION = YES;
				GCC_WARN_UNUSED_VARIABLE = YES;
				IPHONEOS_DEPLOYMENT_TARGET = 8.0;
				METAL_ENABLE_DEBUG_INFO = NO;
				SDKROOT = iphoneos;
				TARGETED_DEVICE_FAMILY = "1,2";
				VALIDATE_PRODUCT = YES;
			};
			name = Release;
		};
		EE43B1F719547E410017679A /* Debug */ = {
			isa = XCBuildConfiguration;
			buildSettings = {
				ASSETCATALOG_COMPILER_APPICON_NAME = AppIcon;
				ASSETCATALOG_COMPILER_LAUNCHIMAGE_NAME = LaunchImage;
				EMBEDDED_CONTENT_CONTAINS_SWIFT = YES;
				FRAMEWORK_SEARCH_PATHS = (
					"$(inherited)",
					"$(USER_LIBRARY_DIR)/Developer/Xcode/DerivedData/SoF-MedList-chqycdbooiiyujfqdaezipxxcxql/Build/Products/Debug",
					"$(USER_LIBRARY_DIR)/Developer/Xcode/DerivedData/SoF-MedList-chqycdbooiiyujfqdaezipxxcxql/Build/Products/Debug-iphoneos",
					"$(PROJECT_DIR)/SMART-on-FHIR-Cocoa/Swift-FHIR/build/Debug",
				);
				INFOPLIST_FILE = "SoF-MedList/Info.plist";
				LD_RUNPATH_SEARCH_PATHS = "$(inherited) @executable_path/Frameworks";
				OTHER_SWIFT_FLAGS = "-DDEBUG=1";
				PRODUCT_NAME = "$(TARGET_NAME)";
				TARGETED_DEVICE_FAMILY = 1;
			};
			name = Debug;
		};
		EE43B1F819547E410017679A /* Release */ = {
			isa = XCBuildConfiguration;
			buildSettings = {
				ASSETCATALOG_COMPILER_APPICON_NAME = AppIcon;
				ASSETCATALOG_COMPILER_LAUNCHIMAGE_NAME = LaunchImage;
				EMBEDDED_CONTENT_CONTAINS_SWIFT = YES;
				FRAMEWORK_SEARCH_PATHS = (
					"$(inherited)",
					"$(USER_LIBRARY_DIR)/Developer/Xcode/DerivedData/SoF-MedList-chqycdbooiiyujfqdaezipxxcxql/Build/Products/Debug",
					"$(USER_LIBRARY_DIR)/Developer/Xcode/DerivedData/SoF-MedList-chqycdbooiiyujfqdaezipxxcxql/Build/Products/Debug-iphoneos",
					"$(PROJECT_DIR)/SMART-on-FHIR-Cocoa/Swift-FHIR/build/Debug",
				);
				INFOPLIST_FILE = "SoF-MedList/Info.plist";
				LD_RUNPATH_SEARCH_PATHS = "$(inherited) @executable_path/Frameworks";
				OTHER_SWIFT_FLAGS = "-DDEBUG=1";
				PRODUCT_NAME = "$(TARGET_NAME)";
				TARGETED_DEVICE_FAMILY = 1;
			};
			name = Release;
		};
/* End XCBuildConfiguration section */

/* Begin XCConfigurationList section */
		EE43B1D319547E410017679A /* Build configuration list for PBXProject "SoF-MedList" */ = {
			isa = XCConfigurationList;
			buildConfigurations = (
				EE43B1F419547E410017679A /* Debug */,
				EE43B1F519547E410017679A /* Release */,
			);
			defaultConfigurationIsVisible = 0;
			defaultConfigurationName = Release;
		};
		EE43B1F619547E410017679A /* Build configuration list for PBXNativeTarget "SoF-MedList" */ = {
			isa = XCConfigurationList;
			buildConfigurations = (
				EE43B1F719547E410017679A /* Debug */,
				EE43B1F819547E410017679A /* Release */,
			);
			defaultConfigurationIsVisible = 0;
			defaultConfigurationName = Release;
		};
/* End XCConfigurationList section */
	};
	rootObject = EE43B1D019547E410017679A /* Project object */;
}
