// !$*UTF8*$!
{
	archiveVersion = 1;
	classes = {
	};
	objectVersion = 52;
	objects = {

/* Begin PBXBuildFile section */
		B450BD2623300CA900BA3D89 /* SMART in Frameworks */ = {isa = PBXBuildFile; productRef = B450BD2523300CA900BA3D89 /* SMART */; };
		B4BC3F9823289DC20097F26D /* CONTRIBUTING.md in Resources */ = {isa = PBXBuildFile; fileRef = B4BC3F9623289DC20097F26D /* CONTRIBUTING.md */; };
		B4BC3F9923289DC20097F26D /* CONTRIBUTORS.md in Resources */ = {isa = PBXBuildFile; fileRef = B4BC3F9723289DC20097F26D /* CONTRIBUTORS.md */; };
		B4FA94B922239D4900BD72A1 /* LenientClient.swift in Sources */ = {isa = PBXBuildFile; fileRef = B4FA94B822239D4900BD72A1 /* LenientClient.swift */; };
		EE17790219D0A9E200B5826B /* Launch.storyboard in Resources */ = {isa = PBXBuildFile; fileRef = EE17790119D0A9E200B5826B /* Launch.storyboard */; };
		EE3EE2BD1DF2BDA900341419 /* ResourceListViewController.swift in Sources */ = {isa = PBXBuildFile; fileRef = EE3EE2BC1DF2BDA900341419 /* ResourceListViewController.swift */; };
		EE3EE2C21DF2BE5D00341419 /* EndpointProvider.swift in Sources */ = {isa = PBXBuildFile; fileRef = EE3EE2C11DF2BE5D00341419 /* EndpointProvider.swift */; };
		EE3EE2C41DF2C35A00341419 /* EndpointListViewController.swift in Sources */ = {isa = PBXBuildFile; fileRef = EE3EE2C31DF2C35A00341419 /* EndpointListViewController.swift */; };
		EE3EE2C61DF2CB2B00341419 /* UIViewController+Utilities.swift in Sources */ = {isa = PBXBuildFile; fileRef = EE3EE2C51DF2CB2B00341419 /* UIViewController+Utilities.swift */; };
		EE3EE2C81DF2DD2700341419 /* Bundle+Utilities.swift in Sources */ = {isa = PBXBuildFile; fileRef = EE3EE2C71DF2DD2700341419 /* Bundle+Utilities.swift */; };
		EE43B1DE19547E410017679A /* AppDelegate.swift in Sources */ = {isa = PBXBuildFile; fileRef = EE43B1DD19547E410017679A /* AppDelegate.swift */; };
		EE43B1E019547E410017679A /* MasterViewController.swift in Sources */ = {isa = PBXBuildFile; fileRef = EE43B1DF19547E410017679A /* MasterViewController.swift */; };
		EE43B1E219547E410017679A /* DetailViewController.swift in Sources */ = {isa = PBXBuildFile; fileRef = EE43B1E119547E410017679A /* DetailViewController.swift */; };
		EE43B1E519547E410017679A /* Main.storyboard in Resources */ = {isa = PBXBuildFile; fileRef = EE43B1E319547E410017679A /* Main.storyboard */; };
		EE43B1E719547E410017679A /* Images.xcassets in Resources */ = {isa = PBXBuildFile; fileRef = EE43B1E619547E410017679A /* Images.xcassets */; };
		EEDB85771E60A9810022803D /* DataType+Utilities.swift in Sources */ = {isa = PBXBuildFile; fileRef = EEDB85761E60A9810022803D /* DataType+Utilities.swift */; };
		EEFC6B371DF5D9A500D03A84 /* Endpoints.swift in Sources */ = {isa = PBXBuildFile; fileRef = EEFC6B361DF5D9A500D03A84 /* Endpoints.swift */; };
/* End PBXBuildFile section */

/* Begin PBXCopyFilesBuildPhase section */
		EE19A6871B47EC4000A406FD /* Embed Frameworks */ = {
			isa = PBXCopyFilesBuildPhase;
			buildActionMask = 2147483647;
			dstPath = "";
			dstSubfolderSpec = 10;
			files = (
			);
			name = "Embed Frameworks";
			runOnlyForDeploymentPostprocessing = 0;
		};
/* End PBXCopyFilesBuildPhase section */

/* Begin PBXFileReference section */
		B4BC3F9623289DC20097F26D /* CONTRIBUTING.md */ = {isa = PBXFileReference; fileEncoding = 4; lastKnownFileType = net.daringfireball.markdown; path = CONTRIBUTING.md; sourceTree = "<group>"; };
		B4BC3F9723289DC20097F26D /* CONTRIBUTORS.md */ = {isa = PBXFileReference; fileEncoding = 4; lastKnownFileType = net.daringfireball.markdown; path = CONTRIBUTORS.md; sourceTree = "<group>"; };
		B4FA94B822239D4900BD72A1 /* LenientClient.swift */ = {isa = PBXFileReference; fileEncoding = 4; lastKnownFileType = sourcecode.swift; path = LenientClient.swift; sourceTree = "<group>"; };
		EE17790119D0A9E200B5826B /* Launch.storyboard */ = {isa = PBXFileReference; fileEncoding = 4; lastKnownFileType = file.storyboard; path = Launch.storyboard; sourceTree = "<group>"; };
		EE3EE2BC1DF2BDA900341419 /* ResourceListViewController.swift */ = {isa = PBXFileReference; fileEncoding = 4; lastKnownFileType = sourcecode.swift; path = ResourceListViewController.swift; sourceTree = "<group>"; };
		EE3EE2C11DF2BE5D00341419 /* EndpointProvider.swift */ = {isa = PBXFileReference; fileEncoding = 4; lastKnownFileType = sourcecode.swift; path = EndpointProvider.swift; sourceTree = "<group>"; };
		EE3EE2C31DF2C35A00341419 /* EndpointListViewController.swift */ = {isa = PBXFileReference; fileEncoding = 4; lastKnownFileType = sourcecode.swift; path = EndpointListViewController.swift; sourceTree = "<group>"; };
		EE3EE2C51DF2CB2B00341419 /* UIViewController+Utilities.swift */ = {isa = PBXFileReference; fileEncoding = 4; lastKnownFileType = sourcecode.swift; path = "UIViewController+Utilities.swift"; sourceTree = "<group>"; };
		EE3EE2C71DF2DD2700341419 /* Bundle+Utilities.swift */ = {isa = PBXFileReference; fileEncoding = 4; lastKnownFileType = sourcecode.swift; path = "Bundle+Utilities.swift"; sourceTree = "<group>"; };
		EE43B1D819547E410017679A /* SoF-Demo.app */ = {isa = PBXFileReference; explicitFileType = wrapper.application; includeInIndex = 0; path = "SoF-Demo.app"; sourceTree = BUILT_PRODUCTS_DIR; };
		EE43B1DC19547E410017679A /* Info.plist */ = {isa = PBXFileReference; lastKnownFileType = text.plist.xml; path = Info.plist; sourceTree = "<group>"; };
		EE43B1DD19547E410017679A /* AppDelegate.swift */ = {isa = PBXFileReference; lastKnownFileType = sourcecode.swift; path = AppDelegate.swift; sourceTree = "<group>"; };
		EE43B1DF19547E410017679A /* MasterViewController.swift */ = {isa = PBXFileReference; lastKnownFileType = sourcecode.swift; path = MasterViewController.swift; sourceTree = "<group>"; };
		EE43B1E119547E410017679A /* DetailViewController.swift */ = {isa = PBXFileReference; lastKnownFileType = sourcecode.swift; path = DetailViewController.swift; sourceTree = "<group>"; };
		EE43B1E419547E410017679A /* Base */ = {isa = PBXFileReference; lastKnownFileType = file.storyboard; name = Base; path = Base.lproj/Main.storyboard; sourceTree = "<group>"; };
		EE43B1E619547E410017679A /* Images.xcassets */ = {isa = PBXFileReference; lastKnownFileType = folder.assetcatalog; path = Images.xcassets; sourceTree = "<group>"; };
		EE74D049195C110600393DCA /* README.md */ = {isa = PBXFileReference; lastKnownFileType = net.daringfireball.markdown; path = README.md; sourceTree = "<group>"; };
		EEDB85761E60A9810022803D /* DataType+Utilities.swift */ = {isa = PBXFileReference; fileEncoding = 4; lastKnownFileType = sourcecode.swift; path = "DataType+Utilities.swift"; sourceTree = "<group>"; };
		EEFC6B361DF5D9A500D03A84 /* Endpoints.swift */ = {isa = PBXFileReference; fileEncoding = 4; lastKnownFileType = sourcecode.swift; path = Endpoints.swift; sourceTree = SOURCE_ROOT; };
/* End PBXFileReference section */

/* Begin PBXFrameworksBuildPhase section */
		EE43B1D519547E410017679A /* Frameworks */ = {
			isa = PBXFrameworksBuildPhase;
			buildActionMask = 2147483647;
			files = (
				B450BD2623300CA900BA3D89 /* SMART in Frameworks */,
			);
			runOnlyForDeploymentPostprocessing = 0;
		};
/* End PBXFrameworksBuildPhase section */

/* Begin PBXGroup section */
		EE43B1CF19547E410017679A = {
			isa = PBXGroup;
			children = (
				B4BC3F9623289DC20097F26D /* CONTRIBUTING.md */,
				B4BC3F9723289DC20097F26D /* CONTRIBUTORS.md */,
				EE74D049195C110600393DCA /* README.md */,
				EEFC6B361DF5D9A500D03A84 /* Endpoints.swift */,
				EE43B1DA19547E410017679A /* App */,
				EE43B1D919547E410017679A /* Products */,
			);
			sourceTree = "<group>";
		};
		EE43B1D919547E410017679A /* Products */ = {
			isa = PBXGroup;
			children = (
				EE43B1D819547E410017679A /* SoF-Demo.app */,
			);
			name = Products;
			sourceTree = "<group>";
		};
		EE43B1DA19547E410017679A /* App */ = {
			isa = PBXGroup;
			children = (
				B4FA94B822239D4900BD72A1 /* LenientClient.swift */,
				EE43B1DD19547E410017679A /* AppDelegate.swift */,
				EE43B1DF19547E410017679A /* MasterViewController.swift */,
				EE3EE2BC1DF2BDA900341419 /* ResourceListViewController.swift */,
				EE43B1E119547E410017679A /* DetailViewController.swift */,
				EE3EE2C11DF2BE5D00341419 /* EndpointProvider.swift */,
				EE3EE2C31DF2C35A00341419 /* EndpointListViewController.swift */,
				EE3EE2C51DF2CB2B00341419 /* UIViewController+Utilities.swift */,
				EE3EE2C71DF2DD2700341419 /* Bundle+Utilities.swift */,
				EEDB85761E60A9810022803D /* DataType+Utilities.swift */,
				EE43B1E319547E410017679A /* Main.storyboard */,
				EE17790119D0A9E200B5826B /* Launch.storyboard */,
				EE43B1E619547E410017679A /* Images.xcassets */,
				EE43B1DB19547E410017679A /* Supporting Files */,
			);
			path = App;
			sourceTree = "<group>";
		};
		EE43B1DB19547E410017679A /* Supporting Files */ = {
			isa = PBXGroup;
			children = (
				EE43B1DC19547E410017679A /* Info.plist */,
			);
			name = "Supporting Files";
			sourceTree = "<group>";
		};
/* End PBXGroup section */

/* Begin PBXNativeTarget section */
		EE43B1D719547E410017679A /* SoF-Demo */ = {
			isa = PBXNativeTarget;
			buildConfigurationList = EE43B1F619547E410017679A /* Build configuration list for PBXNativeTarget "SoF-Demo" */;
			buildPhases = (
				EE43B1D419547E410017679A /* Sources */,
				EE43B1D519547E410017679A /* Frameworks */,
				EE43B1D619547E410017679A /* Resources */,
				EE19A6871B47EC4000A406FD /* Embed Frameworks */,
			);
			buildRules = (
			);
			dependencies = (
			);
			name = "SoF-Demo";
			packageProductDependencies = (
				B450BD2523300CA900BA3D89 /* SMART */,
			);
			productName = "SoF-MedList";
			productReference = EE43B1D819547E410017679A /* SoF-Demo.app */;
			productType = "com.apple.product-type.application";
		};
/* End PBXNativeTarget section */

/* Begin PBXProject section */
		EE43B1D019547E410017679A /* Project object */ = {
			isa = PBXProject;
			attributes = {
				LastSwiftMigration = 0700;
				LastSwiftUpdateCheck = 0700;
				LastUpgradeCheck = 1100;
				ORGANIZATIONNAME = "SMART Platforms";
				TargetAttributes = {
					EE43B1D719547E410017679A = {
						CreatedOnToolsVersion = 6.0;
						LastSwiftMigration = 1100;
					};
				};
			};
			buildConfigurationList = EE43B1D319547E410017679A /* Build configuration list for PBXProject "SoF-Demo" */;
			compatibilityVersion = "Xcode 3.2";
			developmentRegion = en;
			hasScannedForEncodings = 0;
			knownRegions = (
				en,
				Base,
			);
			mainGroup = EE43B1CF19547E410017679A;
			packageReferences = (
				B450BD2423300CA900BA3D89 /* XCRemoteSwiftPackageReference "Swift-SMART" */,
			);
			productRefGroup = EE43B1D919547E410017679A /* Products */;
			projectDirPath = "";
			projectRoot = "";
			targets = (
				EE43B1D719547E410017679A /* SoF-Demo */,
			);
		};
/* End PBXProject section */

/* Begin PBXResourcesBuildPhase section */
		EE43B1D619547E410017679A /* Resources */ = {
			isa = PBXResourcesBuildPhase;
			buildActionMask = 2147483647;
			files = (
				B4BC3F9923289DC20097F26D /* CONTRIBUTORS.md in Resources */,
				EE43B1E519547E410017679A /* Main.storyboard in Resources */,
				EE43B1E719547E410017679A /* Images.xcassets in Resources */,
				B4BC3F9823289DC20097F26D /* CONTRIBUTING.md in Resources */,
				EE17790219D0A9E200B5826B /* Launch.storyboard in Resources */,
			);
			runOnlyForDeploymentPostprocessing = 0;
		};
/* End PBXResourcesBuildPhase section */

/* Begin PBXSourcesBuildPhase section */
		EE43B1D419547E410017679A /* Sources */ = {
			isa = PBXSourcesBuildPhase;
			buildActionMask = 2147483647;
			files = (
				EE3EE2C41DF2C35A00341419 /* EndpointListViewController.swift in Sources */,
				EE43B1E219547E410017679A /* DetailViewController.swift in Sources */,
				EE3EE2C81DF2DD2700341419 /* Bundle+Utilities.swift in Sources */,
				EE3EE2C21DF2BE5D00341419 /* EndpointProvider.swift in Sources */,
				EE43B1E019547E410017679A /* MasterViewController.swift in Sources */,
				EE3EE2BD1DF2BDA900341419 /* ResourceListViewController.swift in Sources */,
				B4FA94B922239D4900BD72A1 /* LenientClient.swift in Sources */,
				EE43B1DE19547E410017679A /* AppDelegate.swift in Sources */,
				EEFC6B371DF5D9A500D03A84 /* Endpoints.swift in Sources */,
				EEDB85771E60A9810022803D /* DataType+Utilities.swift in Sources */,
				EE3EE2C61DF2CB2B00341419 /* UIViewController+Utilities.swift in Sources */,
			);
			runOnlyForDeploymentPostprocessing = 0;
		};
/* End PBXSourcesBuildPhase section */

/* Begin PBXVariantGroup section */
		EE43B1E319547E410017679A /* Main.storyboard */ = {
			isa = PBXVariantGroup;
			children = (
				EE43B1E419547E410017679A /* Base */,
			);
			name = Main.storyboard;
			sourceTree = "<group>";
		};
/* End PBXVariantGroup section */

/* Begin XCBuildConfiguration section */
		EE43B1F419547E410017679A /* Debug */ = {
			isa = XCBuildConfiguration;
			buildSettings = {
				ALWAYS_SEARCH_USER_PATHS = NO;
				CLANG_ANALYZER_LOCALIZABILITY_NONLOCALIZED = YES;
				CLANG_CXX_LANGUAGE_STANDARD = "gnu++0x";
				CLANG_CXX_LIBRARY = "libc++";
				CLANG_ENABLE_MODULES = YES;
				CLANG_ENABLE_OBJC_ARC = YES;
				CLANG_WARN_BLOCK_CAPTURE_AUTORELEASING = YES;
				CLANG_WARN_BOOL_CONVERSION = YES;
				CLANG_WARN_COMMA = YES;
				CLANG_WARN_CONSTANT_CONVERSION = YES;
				CLANG_WARN_DEPRECATED_OBJC_IMPLEMENTATIONS = YES;
				CLANG_WARN_DIRECT_OBJC_ISA_USAGE = YES_ERROR;
				CLANG_WARN_EMPTY_BODY = YES;
				CLANG_WARN_ENUM_CONVERSION = YES;
				CLANG_WARN_INFINITE_RECURSION = YES;
				CLANG_WARN_INT_CONVERSION = YES;
				CLANG_WARN_NON_LITERAL_NULL_CONVERSION = YES;
				CLANG_WARN_OBJC_IMPLICIT_RETAIN_SELF = YES;
				CLANG_WARN_OBJC_LITERAL_CONVERSION = YES;
				CLANG_WARN_OBJC_ROOT_CLASS = YES_ERROR;
				CLANG_WARN_RANGE_LOOP_ANALYSIS = YES;
				CLANG_WARN_STRICT_PROTOTYPES = YES;
				CLANG_WARN_SUSPICIOUS_MOVE = YES;
				CLANG_WARN_UNREACHABLE_CODE = YES;
				CLANG_WARN__DUPLICATE_METHOD_MATCH = YES;
				CODE_SIGN_IDENTITY = "iPhone Developer";
				"CODE_SIGN_IDENTITY[sdk=iphoneos*]" = "iPhone Developer";
				COPY_PHASE_STRIP = NO;
				ENABLE_STRICT_OBJC_MSGSEND = YES;
				ENABLE_TESTABILITY = YES;
				GCC_C_LANGUAGE_STANDARD = gnu99;
				GCC_DYNAMIC_NO_PIC = NO;
				GCC_NO_COMMON_BLOCKS = YES;
				GCC_OPTIMIZATION_LEVEL = 0;
				GCC_PREPROCESSOR_DEFINITIONS = (
					"DEBUG=1",
					"$(inherited)",
				);
				GCC_SYMBOLS_PRIVATE_EXTERN = NO;
				GCC_WARN_64_TO_32_BIT_CONVERSION = YES;
				GCC_WARN_ABOUT_RETURN_TYPE = YES_ERROR;
				GCC_WARN_UNDECLARED_SELECTOR = YES;
				GCC_WARN_UNINITIALIZED_AUTOS = YES_AGGRESSIVE;
				GCC_WARN_UNUSED_FUNCTION = YES;
				GCC_WARN_UNUSED_VARIABLE = YES;
				IPHONEOS_DEPLOYMENT_TARGET = 11.0;
				METAL_ENABLE_DEBUG_INFO = YES;
				ONLY_ACTIVE_ARCH = YES;
				SDKROOT = iphoneos;
				SWIFT_OPTIMIZATION_LEVEL = "-Onone";
				TARGETED_DEVICE_FAMILY = "1,2";
			};
			name = Debug;
		};
		EE43B1F519547E410017679A /* Release */ = {
			isa = XCBuildConfiguration;
			buildSettings = {
				ALWAYS_SEARCH_USER_PATHS = NO;
				CLANG_ANALYZER_LOCALIZABILITY_NONLOCALIZED = YES;
				CLANG_CXX_LANGUAGE_STANDARD = "gnu++0x";
				CLANG_CXX_LIBRARY = "libc++";
				CLANG_ENABLE_MODULES = YES;
				CLANG_ENABLE_OBJC_ARC = YES;
				CLANG_WARN_BLOCK_CAPTURE_AUTORELEASING = YES;
				CLANG_WARN_BOOL_CONVERSION = YES;
				CLANG_WARN_COMMA = YES;
				CLANG_WARN_CONSTANT_CONVERSION = YES;
				CLANG_WARN_DEPRECATED_OBJC_IMPLEMENTATIONS = YES;
				CLANG_WARN_DIRECT_OBJC_ISA_USAGE = YES_ERROR;
				CLANG_WARN_EMPTY_BODY = YES;
				CLANG_WARN_ENUM_CONVERSION = YES;
				CLANG_WARN_INFINITE_RECURSION = YES;
				CLANG_WARN_INT_CONVERSION = YES;
				CLANG_WARN_NON_LITERAL_NULL_CONVERSION = YES;
				CLANG_WARN_OBJC_IMPLICIT_RETAIN_SELF = YES;
				CLANG_WARN_OBJC_LITERAL_CONVERSION = YES;
				CLANG_WARN_OBJC_ROOT_CLASS = YES_ERROR;
				CLANG_WARN_RANGE_LOOP_ANALYSIS = YES;
				CLANG_WARN_STRICT_PROTOTYPES = YES;
				CLANG_WARN_SUSPICIOUS_MOVE = YES;
				CLANG_WARN_UNREACHABLE_CODE = YES;
				CLANG_WARN__DUPLICATE_METHOD_MATCH = YES;
				CODE_SIGN_IDENTITY = "iPhone Developer";
				"CODE_SIGN_IDENTITY[sdk=iphoneos*]" = "iPhone Developer";
				COPY_PHASE_STRIP = YES;
				ENABLE_NS_ASSERTIONS = NO;
				ENABLE_STRICT_OBJC_MSGSEND = YES;
				GCC_C_LANGUAGE_STANDARD = gnu99;
				GCC_NO_COMMON_BLOCKS = YES;
				GCC_WARN_64_TO_32_BIT_CONVERSION = YES;
				GCC_WARN_ABOUT_RETURN_TYPE = YES_ERROR;
				GCC_WARN_UNDECLARED_SELECTOR = YES;
				GCC_WARN_UNINITIALIZED_AUTOS = YES_AGGRESSIVE;
				GCC_WARN_UNUSED_FUNCTION = YES;
				GCC_WARN_UNUSED_VARIABLE = YES;
				IPHONEOS_DEPLOYMENT_TARGET = 11.0;
				METAL_ENABLE_DEBUG_INFO = NO;
				SDKROOT = iphoneos;
				TARGETED_DEVICE_FAMILY = "1,2";
				VALIDATE_PRODUCT = YES;
			};
			name = Release;
		};
		EE43B1F719547E410017679A /* Debug */ = {
			isa = XCBuildConfiguration;
			buildSettings = {
				ASSETCATALOG_COMPILER_APPICON_NAME = AppIcon;
				CODE_SIGN_ENTITLEMENTS = "";
				DEVELOPMENT_TEAM = "";
				INFOPLIST_FILE = App/Info.plist;
				IPHONEOS_DEPLOYMENT_TARGET = 11.0;
				LD_RUNPATH_SEARCH_PATHS = (
					"$(inherited)",
					"@executable_path/Frameworks",
				);
				OTHER_SWIFT_FLAGS = "-DDEBUG=1";
				PRODUCT_BUNDLE_IDENTIFIER = "org.chip.smart-on-fhir.ios.demo";
				PRODUCT_NAME = "$(TARGET_NAME)";
				SUPPORTS_MACCATALYST = NO;
				SWIFT_SWIFT3_OBJC_INFERENCE = Default;
				SWIFT_VERSION = 5.0;
				TARGETED_DEVICE_FAMILY = "1,2";
			};
			name = Debug;
		};
		EE43B1F819547E410017679A /* Release */ = {
			isa = XCBuildConfiguration;
			buildSettings = {
				ASSETCATALOG_COMPILER_APPICON_NAME = AppIcon;
				CODE_SIGN_ENTITLEMENTS = "";
				DEVELOPMENT_TEAM = "";
				INFOPLIST_FILE = App/Info.plist;
				IPHONEOS_DEPLOYMENT_TARGET = 11.0;
				LD_RUNPATH_SEARCH_PATHS = (
					"$(inherited)",
					"@executable_path/Frameworks",
				);
				OTHER_SWIFT_FLAGS = "-DDEBUG=1";
				PRODUCT_BUNDLE_IDENTIFIER = "org.chip.smart-on-fhir.ios.demo";
				PRODUCT_NAME = "$(TARGET_NAME)";
				SUPPORTS_MACCATALYST = NO;
				SWIFT_COMPILATION_MODE = wholemodule;
				SWIFT_OPTIMIZATION_LEVEL = "-O";
				SWIFT_SWIFT3_OBJC_INFERENCE = Default;
				SWIFT_VERSION = 5.0;
				TARGETED_DEVICE_FAMILY = "1,2";
			};
			name = Release;
		};
/* End XCBuildConfiguration section */

/* Begin XCConfigurationList section */
		EE43B1D319547E410017679A /* Build configuration list for PBXProject "SoF-Demo" */ = {
			isa = XCConfigurationList;
			buildConfigurations = (
				EE43B1F419547E410017679A /* Debug */,
				EE43B1F519547E410017679A /* Release */,
			);
			defaultConfigurationIsVisible = 0;
			defaultConfigurationName = Release;
		};
		EE43B1F619547E410017679A /* Build configuration list for PBXNativeTarget "SoF-Demo" */ = {
			isa = XCConfigurationList;
			buildConfigurations = (
				EE43B1F719547E410017679A /* Debug */,
				EE43B1F819547E410017679A /* Release */,
			);
			defaultConfigurationIsVisible = 0;
			defaultConfigurationName = Release;
		};
/* End XCConfigurationList section */

/* Begin XCRemoteSwiftPackageReference section */
		B450BD2423300CA900BA3D89 /* XCRemoteSwiftPackageReference "Swift-SMART" */ = {
			isa = XCRemoteSwiftPackageReference;
			repositoryURL = "https://github.com/smart-on-fhir/Swift-SMART.git";
			requirement = {
				kind = upToNextMajorVersion;
				minimumVersion = 4.2.0;
			};
		};
/* End XCRemoteSwiftPackageReference section */

/* Begin XCSwiftPackageProductDependency section */
		B450BD2523300CA900BA3D89 /* SMART */ = {
			isa = XCSwiftPackageProductDependency;
			package = B450BD2423300CA900BA3D89 /* XCRemoteSwiftPackageReference "Swift-SMART" */;
			productName = SMART;
		};
/* End XCSwiftPackageProductDependency section */
	};
	rootObject = EE43B1D019547E410017679A /* Project object */;
}
